<?xml version="1.0" encoding="utf-8"?>
<Project ToolsVersion="4.0" xmlns="http://schemas.microsoft.com/developer/msbuild/2003">
  <ItemGroup>
    <Filter Include="Source Files">
      <UniqueIdentifier>{4FC737F1-C7A5-4376-A066-2A32D752A2FF}</UniqueIdentifier>
      <Extensions>cpp;c;cc;cxx;def;odl;idl;hpj;bat;asm;asmx</Extensions>
    </Filter>
    <Filter Include="Header Files">
      <UniqueIdentifier>{93995380-89BD-4b04-88EB-625FBE52EBFB}</UniqueIdentifier>
      <Extensions>h;hh;hpp;hxx;hm;inl;inc;xsd</Extensions>
    </Filter>
    <Filter Include="Resource Files">
      <UniqueIdentifier>{67DA6AB6-F800-4c08-8B7A-83BB121AAD01}</UniqueIdentifier>
      <Extensions>rc;ico;cur;bmp;dlg;rc2;rct;bin;rgs;gif;jpg;jpeg;jpe;resx;tiff;tif;png;wav;mfcribbon-ms</Extensions>
    </Filter>
    <Filter Include="Hardcoded Level">
      <UniqueIdentifier>{81c6a8fd-7128-470a-9952-eaf54a74fa44}</UniqueIdentifier>
    </Filter>
    <Filter Include="Character">
      <UniqueIdentifier>{1569545a-7484-411f-8b07-5c95aea5b524}</UniqueIdentifier>
    </Filter>
    <Filter Include="Items">
      <UniqueIdentifier>{15befbb1-f40f-44dc-9e71-defd6a4537ea}</UniqueIdentifier>
    </Filter>
  </ItemGroup>
  <ItemGroup>
    <ClCompile Include="Assignment4GameState.cpp">
      <Filter>Source Files</Filter>
    </ClCompile>
    <ClCompile Include="Ball.cpp">
      <Filter>Source Files</Filter>
    </ClCompile>
    <ClCompile Include="BasicState.cpp">
      <Filter>Source Files</Filter>
    </ClCompile>
    <ClCompile Include="Box.cpp">
      <Filter>Source Files</Filter>
    </ClCompile>
    <ClCompile Include="Bullet.cpp">
      <Filter>Source Files</Filter>
    </ClCompile>
    <ClCompile Include="ControllerMenuState.cpp">
      <Filter>Source Files</Filter>
    </ClCompile>
    <ClCompile Include="DefaultGameStateManager.cpp">
      <Filter>Source Files</Filter>
    </ClCompile>
    <ClCompile Include="Drawable.cpp">
      <Filter>Source Files</Filter>
    </ClCompile>
    <ClCompile Include="GameObject.cpp">
      <Filter>Source Files</Filter>
    </ClCompile>
    <ClCompile Include="GameState.cpp">
      <Filter>Source Files</Filter>
    </ClCompile>
    <ClCompile Include="GameStateManager.cpp">
      <Filter>Source Files</Filter>
    </ClCompile>
    <ClCompile Include="GameStateProvider.cpp">
      <Filter>Source Files</Filter>
    </ClCompile>
    <ClCompile Include="GameWorld.cpp">
      <Filter>Source Files</Filter>
    </ClCompile>
    <ClCompile Include="GeneralManager.cpp">
      <Filter>Source Files</Filter>
    </ClCompile>
    <ClCompile Include="Ground.cpp">
      <Filter>Source Files</Filter>
    </ClCompile>
    <ClCompile Include="IntroGameState.cpp">
      <Filter>Source Files</Filter>
    </ClCompile>
    <ClCompile Include="Level.cpp">
      <Filter>Source Files</Filter>
    </ClCompile>
    <ClCompile Include="LevelLoader.cpp">
      <Filter>Source Files</Filter>
    </ClCompile>
    <ClCompile Include="main.cpp">
      <Filter>Source Files</Filter>
    </ClCompile>
    <ClCompile Include="MainGame.cpp">
      <Filter>Source Files</Filter>
    </ClCompile>
    <ClCompile Include="MainMenuGameState.cpp">
      <Filter>Source Files</Filter>
    </ClCompile>
    <ClCompile Include="MainMenuState.cpp">
      <Filter>Source Files</Filter>
    </ClCompile>
    <ClCompile Include="Modality.cpp">
      <Filter>Source Files</Filter>
    </ClCompile>
    <ClCompile Include="MultiCharacterSelectState.cpp">
      <Filter>Source Files</Filter>
    </ClCompile>
    <ClCompile Include="Pendulum.cpp">
      <Filter>Source Files</Filter>
    </ClCompile>
    <ClCompile Include="PhysicsTile.cpp">
      <Filter>Source Files</Filter>
    </ClCompile>
    <ClCompile Include="Player.cpp">
      <Filter>Source Files</Filter>
    </ClCompile>
    <ClCompile Include="RemedyMenuState.cpp">
      <Filter>Source Files</Filter>
    </ClCompile>
    <ClCompile Include="Seesaw.cpp">
      <Filter>Source Files</Filter>
    </ClCompile>
    <ClCompile Include="StageSelectState.cpp">
      <Filter>Source Files</Filter>
    </ClCompile>
    <ClCompile Include="StartScreenState.cpp">
      <Filter>Source Files</Filter>
    </ClCompile>
    <ClCompile Include="TilemapEditorState.cpp">
      <Filter>Source Files</Filter>
    </ClCompile>
    <ClCompile Include="tinyxml2.cpp">
      <Filter>Source Files</Filter>
    </ClCompile>
    <ClCompile Include="TylerMenuState.cpp">
      <Filter>Source Files</Filter>
    </ClCompile>
    <ClCompile Include="Updateable.cpp">
      <Filter>Source Files</Filter>
    </ClCompile>
    <ClCompile Include="wall.cpp">
      <Filter>Source Files</Filter>
    </ClCompile>
    <ClCompile Include="LevelState.cpp">
      <Filter>Hardcoded Level</Filter>
    </ClCompile>
    <ClCompile Include="LevelWall.cpp">
      <Filter>Hardcoded Level</Filter>
    </ClCompile>
    <ClCompile Include="StandingState.cpp">
      <Filter>Character</Filter>
    </ClCompile>
    <ClCompile Include="WrekTangle.cpp">
      <Filter>Character</Filter>
    </ClCompile>
    <ClCompile Include="JumpingState.cpp">
      <Filter>Character</Filter>
    </ClCompile>
    <ClCompile Include="RunningState.cpp">
      <Filter>Character</Filter>
    </ClCompile>
    <ClCompile Include="BasicArrowState.cpp">
      <Filter>Character</Filter>
    </ClCompile>
    <ClCompile Include="Arrow.cpp">
      <Filter>Character</Filter>
    </ClCompile>
    <ClCompile Include="MyContactListener.cpp">
      <Filter>Source Files</Filter>
    </ClCompile>
    <ClCompile Include="ManaOrb.cpp">
      <Filter>Items</Filter>
    </ClCompile>
    <ClCompile Include="Item.cpp">
      <Filter>Items</Filter>
    </ClCompile>
  </ItemGroup>
  <ItemGroup>
    <ClInclude Include="Assignment4GameState.h">
      <Filter>Header Files</Filter>
    </ClInclude>
    <ClInclude Include="Ball.h">
      <Filter>Header Files</Filter>
    </ClInclude>
    <ClInclude Include="Box.h">
      <Filter>Header Files</Filter>
    </ClInclude>
    <ClInclude Include="Bullet.h">
      <Filter>Header Files</Filter>
    </ClInclude>
    <ClInclude Include="ControllerMenuState.h">
      <Filter>Header Files</Filter>
    </ClInclude>
    <ClInclude Include="DefaultGameStateManager.h">
      <Filter>Header Files</Filter>
    </ClInclude>
    <ClInclude Include="Drawable.h">
      <Filter>Header Files</Filter>
    </ClInclude>
    <ClInclude Include="GameObject.h">
      <Filter>Header Files</Filter>
    </ClInclude>
    <ClInclude Include="GameState.h">
      <Filter>Header Files</Filter>
    </ClInclude>
    <ClInclude Include="GameStateManager.h">
      <Filter>Header Files</Filter>
    </ClInclude>
    <ClInclude Include="GameStateProvider.h">
      <Filter>Header Files</Filter>
    </ClInclude>
    <ClInclude Include="GameWorld.h">
      <Filter>Header Files</Filter>
    </ClInclude>
    <ClInclude Include="GeneralManager.h">
      <Filter>Header Files</Filter>
    </ClInclude>
    <ClInclude Include="Ground.h">
      <Filter>Header Files</Filter>
    </ClInclude>
    <ClInclude Include="IntroGameState.h">
      <Filter>Header Files</Filter>
    </ClInclude>
    <ClInclude Include="Level.h">
      <Filter>Header Files</Filter>
    </ClInclude>
    <ClInclude Include="LevelLoader.h">
      <Filter>Header Files</Filter>
    </ClInclude>
    <ClInclude Include="MainGame.h">
      <Filter>Header Files</Filter>
    </ClInclude>
    <ClInclude Include="MainMenuGameState.h">
      <Filter>Header Files</Filter>
    </ClInclude>
    <ClInclude Include="MainMenuState.h">
      <Filter>Header Files</Filter>
    </ClInclude>
    <ClInclude Include="Modality.h">
      <Filter>Header Files</Filter>
    </ClInclude>
    <ClInclude Include="MultiCharacterSelectState.h">
      <Filter>Header Files</Filter>
    </ClInclude>
    <ClInclude Include="Pendulum.h">
      <Filter>Header Files</Filter>
    </ClInclude>
    <ClInclude Include="PhysicsTile.h">
      <Filter>Header Files</Filter>
    </ClInclude>
    <ClInclude Include="Player.h">
      <Filter>Header Files</Filter>
    </ClInclude>
    <ClInclude Include="RemedyMenuState.h">
      <Filter>Header Files</Filter>
    </ClInclude>
    <ClInclude Include="Seesaw.h">
      <Filter>Header Files</Filter>
    </ClInclude>
    <ClInclude Include="StageSelectState.h">
      <Filter>Header Files</Filter>
    </ClInclude>
    <ClInclude Include="StartScreenState.h">
      <Filter>Header Files</Filter>
    </ClInclude>
    <ClInclude Include="TilemapEditorState.h">
      <Filter>Header Files</Filter>
    </ClInclude>
    <ClInclude Include="tinyxml2.h">
      <Filter>Header Files</Filter>
    </ClInclude>
    <ClInclude Include="TylerMenuState.h">
      <Filter>Header Files</Filter>
    </ClInclude>
    <ClInclude Include="Updateable.h">
      <Filter>Header Files</Filter>
    </ClInclude>
    <ClInclude Include="wall.h">
      <Filter>Header Files</Filter>
    </ClInclude>
    <ClInclude Include="LevelState.h">
      <Filter>Hardcoded Level</Filter>
    </ClInclude>
    <ClInclude Include="LevelWall.h">
      <Filter>Hardcoded Level</Filter>
    </ClInclude>
    <ClInclude Include="Character.h">
      <Filter>Character</Filter>
    </ClInclude>
    <ClInclude Include="CharacterState.h">
      <Filter>Character</Filter>
    </ClInclude>
    <ClInclude Include="StandingState.h">
      <Filter>Character</Filter>
    </ClInclude>
    <ClInclude Include="WrekTangle.h">
      <Filter>Character</Filter>
    </ClInclude>
    <ClInclude Include="JumpingState.h">
      <Filter>Character</Filter>
    </ClInclude>
    <ClInclude Include="RunningState.h">
      <Filter>Character</Filter>
    </ClInclude>
    <ClInclude Include="BasicArrowState.h">
      <Filter>Character</Filter>
    </ClInclude>
    <ClInclude Include="BasicState.h">
      <Filter>Header Files</Filter>
    </ClInclude>
    <ClInclude Include="Arrow.h">
      <Filter>Character</Filter>
    </ClInclude>
    <ClInclude Include="MyContactListener.h">
      <Filter>Header Files</Filter>
    </ClInclude>
    <ClInclude Include="ManaOrb.h">
      <Filter>Items</Filter>
    </ClInclude>
    <ClInclude Include="Entity.h">
      <Filter>Header Files</Filter>
    </ClInclude>
    <ClInclude Include="Item.h">
      <Filter>Items</Filter>
    </ClInclude>
    <ClInclude Include="WeaponState.h">
      <Filter>Header Files</Filter>
    </ClInclude>
  </ItemGroup>
</Project>